
Microsoft Visual Studio Solution File, Format Version 12.00
# Visual Studio Version 17
VisualStudioVersion = 17.6.33815.320
MinimumVisualStudioVersion = 10.0.40219.1
Project("{9A19103F-16F7-4668-BE54-9A1E7A4F7556}") = "Web", "Web\Web.csproj", "{95BDBCE8-1B4C-4446-A554-E9FD7A54B070}"
EndProject
Project("{FAE04EC0-301F-11D3-BF4B-00C04F79EFBC}") = "API", "API\API.csproj", "{C0FE3F21-124E-4937-ADC5-44B333B991B2}"
EndProject
Global
	GlobalSection(SolutionConfigurationPlatforms) = preSolution
		Debug|Any CPU = Debug|Any CPU
		Release|Any CPU = Release|Any CPU
	EndGlobalSection
	GlobalSection(ProjectConfigurationPlatforms) = postSolution
		{95BDBCE8-1B4C-4446-A554-E9FD7A54B070}.Debug|Any CPU.ActiveCfg = Debug|Any CPU
		{95BDBCE8-1B4C-4446-A554-E9FD7A54B070}.Debug|Any CPU.Build.0 = Debug|Any CPU
		{95BDBCE8-1B4C-4446-A554-E9FD7A54B070}.Release|Any CPU.ActiveCfg = Release|Any CPU
		{95BDBCE8-1B4C-4446-A554-E9FD7A54B070}.Release|Any CPU.Build.0 = Release|Any CPU
		{C0FE3F21-124E-4937-ADC5-44B333B991B2}.Debug|Any CPU.ActiveCfg = Debug|Any CPU
		{C0FE3F21-124E-4937-ADC5-44B333B991B2}.Debug|Any CPU.Build.0 = Debug|Any CPU
		{C0FE3F21-124E-4937-ADC5-44B333B991B2}.Release|Any CPU.ActiveCfg = Release|Any CPU
		{C0FE3F21-124E-4937-ADC5-44B333B991B2}.Release|Any CPU.Build.0 = Release|Any CPU
	EndGlobalSection
	GlobalSection(SolutionProperties) = preSolution
		HideSolutionNode = FALSE
	EndGlobalSection
	GlobalSection(ExtensibilityGlobals) = postSolution
		SolutionGuid = {75C99129-53E7-4846-BADB-621158076DA0}
	EndGlobalSection
EndGlobal
